<?xml version="1.0" encoding="utf-8"?>
<Project ToolsVersion="4.0" xmlns="http://schemas.microsoft.com/developer/msbuild/2003">
  <ItemGroup>
    <Filter Include="Source Files">
      <UniqueIdentifier>{4FC737F1-C7A5-4376-A066-2A32D752A2FF}</UniqueIdentifier>
      <Extensions>cpp;c;cc;cxx;def;odl;idl;hpj;bat;asm;asmx</Extensions>
    </Filter>
    <Filter Include="Header Files">
      <UniqueIdentifier>{93995380-89BD-4b04-88EB-625FBE52EBFB}</UniqueIdentifier>
      <Extensions>h;hh;hpp;hxx;hm;inl;inc;xsd</Extensions>
    </Filter>
    <Filter Include="Resource Files">
      <UniqueIdentifier>{67DA6AB6-F800-4c08-8B7A-83BB121AAD01}</UniqueIdentifier>
      <Extensions>rc;ico;cur;bmp;dlg;rc2;rct;bin;rgs;gif;jpg;jpeg;jpe;resx;tiff;tif;png;wav;mfcribbon-ms</Extensions>
    </Filter>
    <Filter Include="Common">
      <UniqueIdentifier>{d46009f3-6fdb-4a7c-b6bb-f06bc8971709}</UniqueIdentifier>
    </Filter>
    <Filter Include="UnInformedSearchStrategies">
      <UniqueIdentifier>{939cb090-4858-45c9-8ef3-50ac7e544900}</UniqueIdentifier>
    </Filter>
    <Filter Include="InformedSearchStrategies">
      <UniqueIdentifier>{186512b0-f71b-4e5a-929b-b2e4a6a8b79c}</UniqueIdentifier>
    </Filter>
  </ItemGroup>
  <ItemGroup>
    <ClCompile Include="..\Common\Problem.cpp">
      <Filter>Common</Filter>
    </ClCompile>
    <ClCompile Include="..\Common\Solution.cpp">
      <Filter>Common</Filter>
    </ClCompile>
    <ClCompile Include="Main.cpp">
      <Filter>Source Files</Filter>
    </ClCompile>
    <ClCompile Include="..\UninformedSearchStrategies\Graph_BFS.cpp">
      <Filter>UnInformedSearchStrategies</Filter>
    </ClCompile>
    <ClCompile Include="..\UninformedSearchStrategies\Graph_DFS.cpp">
      <Filter>UnInformedSearchStrategies</Filter>
    </ClCompile>
    <ClCompile Include="..\UninformedSearchStrategies\Graph_UCS.cpp">
      <Filter>UnInformedSearchStrategies</Filter>
    </ClCompile>
    <ClCompile Include="..\UninformedSearchStrategies\IDS.cpp">
      <Filter>UnInformedSearchStrategies</Filter>
    </ClCompile>
    <ClCompile Include="..\UninformedSearchStrategies\Recursive_DLS.cpp">
      <Filter>UnInformedSearchStrategies</Filter>
    </ClCompile>
    <ClCompile Include="..\InformedSearchStrategies\RBFS.cpp">
      <Filter>InformedSearchStrategies</Filter>
    </ClCompile>
    <ClCompile Include="..\InformedSearchStrategies\A_star.cpp">
      <Filter>InformedSearchStrategies</Filter>
    </ClCompile>
    <ClCompile Include="..\InformedSearchStrategies\Greedy_BestFirstSearch.cpp">
      <Filter>InformedSearchStrategies</Filter>
    </ClCompile>
    <ClCompile Include="..\InformedSearchStrategies\HeuristicTableEvaluation.cpp">
      <Filter>InformedSearchStrategies</Filter>
    </ClCompile>
  </ItemGroup>
  <ItemGroup>
    <ClInclude Include="..\Common\Problem.h">
      <Filter>Common</Filter>
    </ClInclude>
    <ClInclude Include="..\Common\Solution.h">
      <Filter>Common</Filter>
    </ClInclude>
    <ClInclude Include="..\UninformedSearchStrategies\Graph_BFS.h">
      <Filter>UnInformedSearchStrategies</Filter>
    </ClInclude>
    <ClInclude Include="..\UninformedSearchStrategies\Graph_DFS.h">
      <Filter>UnInformedSearchStrategies</Filter>
    </ClInclude>
    <ClInclude Include="..\UninformedSearchStrategies\Graph_UCS.h">
      <Filter>UnInformedSearchStrategies</Filter>
    </ClInclude>
    <ClInclude Include="..\UninformedSearchStrategies\IDS.h">
      <Filter>UnInformedSearchStrategies</Filter>
    </ClInclude>
    <ClInclude Include="..\UninformedSearchStrategies\Recursive_DLS.h">
      <Filter>UnInformedSearchStrategies</Filter>
    </ClInclude>
    <ClInclude Include="..\InformedSearchStrategies\A_star.h">
      <Filter>InformedSearchStrategies</Filter>
    </ClInclude>
    <ClInclude Include="..\InformedSearchStrategies\Greedy_BestFirstSearch.h">
      <Filter>InformedSearchStrategies</Filter>
    </ClInclude>
    <ClInclude Include="..\InformedSearchStrategies\HeuristicTableEvaluation.h">
      <Filter>InformedSearchStrategies</Filter>
    </ClInclude>
    <ClInclude Include="..\InformedSearchStrategies\RBFS.h">
      <Filter>InformedSearchStrategies</Filter>
    </ClInclude>
  </ItemGroup>
</Project>